
Microsoft Visual Studio Solution File, Format Version 12.00
# Visual Studio 15
VisualStudioVersion = 15.0.27130.2010
MinimumVisualStudioVersion = 10.0.40219.1
Project("{FAE04EC0-301F-11D3-BF4B-00C04F79EFBC}") = "MVCassignment1", "MVCassignment1\MVCassignment1.csproj", "{0652E873-E744-4FC4-A4AD-AB102628DE60}"
EndProject
Global
	GlobalSection(SolutionConfigurationPlatforms) = preSolution
		Debug|Any CPU = Debug|Any CPU
		Release|Any CPU = Release|Any CPU
	EndGlobalSection
	GlobalSection(ProjectConfigurationPlatforms) = postSolution
		{0652E873-E744-4FC4-A4AD-AB102628DE60}.Debug|Any CPU.ActiveCfg = Debug|Any CPU
		{0652E873-E744-4FC4-A4AD-AB102628DE60}.Debug|Any CPU.Build.0 = Debug|Any CPU
		{0652E873-E744-4FC4-A4AD-AB102628DE60}.Release|Any CPU.ActiveCfg = Release|Any CPU
		{0652E873-E744-4FC4-A4AD-AB102628DE60}.Release|Any CPU.Build.0 = Release|Any CPU
	EndGlobalSection
	GlobalSection(SolutionProperties) = preSolution
		HideSolutionNode = FALSE
	EndGlobalSection
	GlobalSection(ExtensibilityGlobals) = postSolution
		SolutionGuid = {5BF6F3E5-C0F2-482F-A553-6322EBA91922}
	EndGlobalSection
EndGlobal
